// !$*UTF8*$!
{
	archiveVersion = 1;
	classes = {
	};
	objectVersion = 50;
	objects = {

/* Begin PBXBuildFile section */
		778364072409B97500FB1727 /* AppDelegate.swift in Sources */ = {isa = PBXBuildFile; fileRef = 778364062409B97500FB1727 /* AppDelegate.swift */; };
		778364092409B97500FB1727 /* SceneDelegate.swift in Sources */ = {isa = PBXBuildFile; fileRef = 778364082409B97500FB1727 /* SceneDelegate.swift */; };
		778364102409B97600FB1727 /* Assets.xcassets in Resources */ = {isa = PBXBuildFile; fileRef = 7783640F2409B97600FB1727 /* Assets.xcassets */; };
		778364132409B97600FB1727 /* LaunchScreen.storyboard in Resources */ = {isa = PBXBuildFile; fileRef = 778364112409B97600FB1727 /* LaunchScreen.storyboard */; };
		778364232409BB5000FB1727 /* TrackListVC.swift in Sources */ = {isa = PBXBuildFile; fileRef = 778364222409BB5000FB1727 /* TrackListVC.swift */; };
		778364252409BD4600FB1727 /* NetworkManager.swift in Sources */ = {isa = PBXBuildFile; fileRef = 778364242409BD4600FB1727 /* NetworkManager.swift */; };
		778364272409BE1700FB1727 /* RTError.swift in Sources */ = {isa = PBXBuildFile; fileRef = 778364262409BE1700FB1727 /* RTError.swift */; };
		778364292409BFDE00FB1727 /* Track.swift in Sources */ = {isa = PBXBuildFile; fileRef = 778364282409BFDE00FB1727 /* Track.swift */; };
		7783642B2409C56800FB1727 /* TrackCell.swift in Sources */ = {isa = PBXBuildFile; fileRef = 7783642A2409C56800FB1727 /* TrackCell.swift */; };
		778364302409C65200FB1727 /* RTImageView.swift in Sources */ = {isa = PBXBuildFile; fileRef = 7783642F2409C65200FB1727 /* RTImageView.swift */; };
		778364342409C73C00FB1727 /* RTTitleLabel.swift in Sources */ = {isa = PBXBuildFile; fileRef = 778364332409C73C00FB1727 /* RTTitleLabel.swift */; };
		778364362409C77A00FB1727 /* RTSecondaryLabel.swift in Sources */ = {isa = PBXBuildFile; fileRef = 778364352409C77A00FB1727 /* RTSecondaryLabel.swift */; };
		778364382409C7A200FB1727 /* RTBodyLabel.swift in Sources */ = {isa = PBXBuildFile; fileRef = 778364372409C7A200FB1727 /* RTBodyLabel.swift */; };
		7783643A2409C8CD00FB1727 /* UIView+Ext.swift in Sources */ = {isa = PBXBuildFile; fileRef = 778364392409C8CD00FB1727 /* UIView+Ext.swift */; };
		7783643D2409C9A300FB1727 /* RTDataLoadingVC.swift in Sources */ = {isa = PBXBuildFile; fileRef = 7783643C2409C9A300FB1727 /* RTDataLoadingVC.swift */; };
		7783643F2409C9E000FB1727 /* UIViewController+Ext.swift in Sources */ = {isa = PBXBuildFile; fileRef = 7783643E2409C9E000FB1727 /* UIViewController+Ext.swift */; };
		778364412409D3C900FB1727 /* UIHelper.swift in Sources */ = {isa = PBXBuildFile; fileRef = 778364402409D3C900FB1727 /* UIHelper.swift */; };
		778364432409DC6200FB1727 /* TrackDetailsVC.swift in Sources */ = {isa = PBXBuildFile; fileRef = 778364422409DC6200FB1727 /* TrackDetailsVC.swift */; };
		778364452409E6F200FB1727 /* Constants.swift in Sources */ = {isa = PBXBuildFile; fileRef = 778364442409E6F200FB1727 /* Constants.swift */; };
		778364472409EB3800FB1727 /* RTBackImageView.swift in Sources */ = {isa = PBXBuildFile; fileRef = 778364462409EB3800FB1727 /* RTBackImageView.swift */; };
		77945257240A8FD400DC2297 /* String+Ext.swift in Sources */ = {isa = PBXBuildFile; fileRef = 77945256240A8FD400DC2297 /* String+Ext.swift */; };
		77945259240A906100DC2297 /* Date+Ext.swift in Sources */ = {isa = PBXBuildFile; fileRef = 77945258240A906100DC2297 /* Date+Ext.swift */; };
		7794525C240A94D800DC2297 /* RTButton.swift in Sources */ = {isa = PBXBuildFile; fileRef = 7794525B240A94D800DC2297 /* RTButton.swift */; };
		7794525E240AA50400DC2297 /* RTTabBarController.swift in Sources */ = {isa = PBXBuildFile; fileRef = 7794525D240AA50400DC2297 /* RTTabBarController.swift */; };
		77945260240AA59300DC2297 /* FavoriteListVC.swift in Sources */ = {isa = PBXBuildFile; fileRef = 7794525F240AA59300DC2297 /* FavoriteListVC.swift */; };
/* End PBXBuildFile section */

/* Begin PBXFileReference section */
		778364032409B97500FB1727 /* RockTrack.app */ = {isa = PBXFileReference; explicitFileType = wrapper.application; includeInIndex = 0; path = RockTrack.app; sourceTree = BUILT_PRODUCTS_DIR; };
		778364062409B97500FB1727 /* AppDelegate.swift */ = {isa = PBXFileReference; lastKnownFileType = sourcecode.swift; path = AppDelegate.swift; sourceTree = "<group>"; };
		778364082409B97500FB1727 /* SceneDelegate.swift */ = {isa = PBXFileReference; lastKnownFileType = sourcecode.swift; path = SceneDelegate.swift; sourceTree = "<group>"; };
		7783640F2409B97600FB1727 /* Assets.xcassets */ = {isa = PBXFileReference; lastKnownFileType = folder.assetcatalog; path = Assets.xcassets; sourceTree = "<group>"; };
		778364122409B97600FB1727 /* Base */ = {isa = PBXFileReference; lastKnownFileType = file.storyboard; name = Base; path = Base.lproj/LaunchScreen.storyboard; sourceTree = "<group>"; };
		778364142409B97600FB1727 /* Info.plist */ = {isa = PBXFileReference; lastKnownFileType = text.plist.xml; path = Info.plist; sourceTree = "<group>"; };
		778364222409BB5000FB1727 /* TrackListVC.swift */ = {isa = PBXFileReference; lastKnownFileType = sourcecode.swift; path = TrackListVC.swift; sourceTree = "<group>"; };
		778364242409BD4600FB1727 /* NetworkManager.swift */ = {isa = PBXFileReference; lastKnownFileType = sourcecode.swift; path = NetworkManager.swift; sourceTree = "<group>"; };
		778364262409BE1700FB1727 /* RTError.swift */ = {isa = PBXFileReference; lastKnownFileType = sourcecode.swift; path = RTError.swift; sourceTree = "<group>"; };
		778364282409BFDE00FB1727 /* Track.swift */ = {isa = PBXFileReference; lastKnownFileType = sourcecode.swift; path = Track.swift; sourceTree = "<group>"; };
		7783642A2409C56800FB1727 /* TrackCell.swift */ = {isa = PBXFileReference; lastKnownFileType = sourcecode.swift; path = TrackCell.swift; sourceTree = "<group>"; };
		7783642F2409C65200FB1727 /* RTImageView.swift */ = {isa = PBXFileReference; lastKnownFileType = sourcecode.swift; path = RTImageView.swift; sourceTree = "<group>"; };
		778364332409C73C00FB1727 /* RTTitleLabel.swift */ = {isa = PBXFileReference; lastKnownFileType = sourcecode.swift; path = RTTitleLabel.swift; sourceTree = "<group>"; };
		778364352409C77A00FB1727 /* RTSecondaryLabel.swift */ = {isa = PBXFileReference; lastKnownFileType = sourcecode.swift; path = RTSecondaryLabel.swift; sourceTree = "<group>"; };
		778364372409C7A200FB1727 /* RTBodyLabel.swift */ = {isa = PBXFileReference; lastKnownFileType = sourcecode.swift; path = RTBodyLabel.swift; sourceTree = "<group>"; };
		778364392409C8CD00FB1727 /* UIView+Ext.swift */ = {isa = PBXFileReference; lastKnownFileType = sourcecode.swift; path = "UIView+Ext.swift"; sourceTree = "<group>"; };
		7783643C2409C9A300FB1727 /* RTDataLoadingVC.swift */ = {isa = PBXFileReference; lastKnownFileType = sourcecode.swift; path = RTDataLoadingVC.swift; sourceTree = "<group>"; };
		7783643E2409C9E000FB1727 /* UIViewController+Ext.swift */ = {isa = PBXFileReference; lastKnownFileType = sourcecode.swift; path = "UIViewController+Ext.swift"; sourceTree = "<group>"; };
		778364402409D3C900FB1727 /* UIHelper.swift */ = {isa = PBXFileReference; lastKnownFileType = sourcecode.swift; path = UIHelper.swift; sourceTree = "<group>"; };
		778364422409DC6200FB1727 /* TrackDetailsVC.swift */ = {isa = PBXFileReference; lastKnownFileType = sourcecode.swift; path = TrackDetailsVC.swift; sourceTree = "<group>"; };
		778364442409E6F200FB1727 /* Constants.swift */ = {isa = PBXFileReference; lastKnownFileType = sourcecode.swift; path = Constants.swift; sourceTree = "<group>"; };
		778364462409EB3800FB1727 /* RTBackImageView.swift */ = {isa = PBXFileReference; lastKnownFileType = sourcecode.swift; path = RTBackImageView.swift; sourceTree = "<group>"; };
		77945256240A8FD400DC2297 /* String+Ext.swift */ = {isa = PBXFileReference; lastKnownFileType = sourcecode.swift; path = "String+Ext.swift"; sourceTree = "<group>"; };
		77945258240A906100DC2297 /* Date+Ext.swift */ = {isa = PBXFileReference; lastKnownFileType = sourcecode.swift; path = "Date+Ext.swift"; sourceTree = "<group>"; };
		7794525B240A94D800DC2297 /* RTButton.swift */ = {isa = PBXFileReference; lastKnownFileType = sourcecode.swift; path = RTButton.swift; sourceTree = "<group>"; };
		7794525D240AA50400DC2297 /* RTTabBarController.swift */ = {isa = PBXFileReference; lastKnownFileType = sourcecode.swift; path = RTTabBarController.swift; sourceTree = "<group>"; };
		7794525F240AA59300DC2297 /* FavoriteListVC.swift */ = {isa = PBXFileReference; lastKnownFileType = sourcecode.swift; path = FavoriteListVC.swift; sourceTree = "<group>"; };
/* End PBXFileReference section */

/* Begin PBXFrameworksBuildPhase section */
		778364002409B97500FB1727 /* Frameworks */ = {
			isa = PBXFrameworksBuildPhase;
			buildActionMask = 2147483647;
			files = (
			);
			runOnlyForDeploymentPostprocessing = 0;
		};
/* End PBXFrameworksBuildPhase section */

/* Begin PBXGroup section */
		778363FA2409B97500FB1727 = {
			isa = PBXGroup;
			children = (
				778364052409B97500FB1727 /* RockTrack */,
				778364042409B97500FB1727 /* Products */,
			);
			sourceTree = "<group>";
		};
		778364042409B97500FB1727 /* Products */ = {
			isa = PBXGroup;
			children = (
				778364032409B97500FB1727 /* RockTrack.app */,
			);
			name = Products;
			sourceTree = "<group>";
		};
		778364052409B97500FB1727 /* RockTrack */ = {
			isa = PBXGroup;
			children = (
				7783641C2409BA6E00FB1727 /* Models */,
				778364212409BADE00FB1727 /* Views */,
				7783641D2409BA7300FB1727 /* Controllers */,
				778364202409BACF00FB1727 /* Extensions */,
				7783641F2409BA8500FB1727 /* Networking */,
				7783641E2409BA7E00FB1727 /* Utilities */,
				7783641A2409BA5300FB1727 /* Resources */,
				7783641B2409BA6600FB1727 /* Support */,
				778364142409B97600FB1727 /* Info.plist */,
			);
			path = RockTrack;
			sourceTree = "<group>";
		};
		7783641A2409BA5300FB1727 /* Resources */ = {
			isa = PBXGroup;
			children = (
				7783640F2409B97600FB1727 /* Assets.xcassets */,
				778364112409B97600FB1727 /* LaunchScreen.storyboard */,
			);
			path = Resources;
			sourceTree = "<group>";
		};
		7783641B2409BA6600FB1727 /* Support */ = {
			isa = PBXGroup;
			children = (
				778364062409B97500FB1727 /* AppDelegate.swift */,
				778364082409B97500FB1727 /* SceneDelegate.swift */,
			);
			path = Support;
			sourceTree = "<group>";
		};
		7783641C2409BA6E00FB1727 /* Models */ = {
			isa = PBXGroup;
			children = (
				778364282409BFDE00FB1727 /* Track.swift */,
			);
			path = Models;
			sourceTree = "<group>";
		};
		7783641D2409BA7300FB1727 /* Controllers */ = {
			isa = PBXGroup;
			children = (
				778364222409BB5000FB1727 /* TrackListVC.swift */,
				778364422409DC6200FB1727 /* TrackDetailsVC.swift */,
				7794525F240AA59300DC2297 /* FavoriteListVC.swift */,
			);
			path = Controllers;
			sourceTree = "<group>";
		};
		7783641E2409BA7E00FB1727 /* Utilities */ = {
			isa = PBXGroup;
			children = (
				778364262409BE1700FB1727 /* RTError.swift */,
				778364402409D3C900FB1727 /* UIHelper.swift */,
				778364442409E6F200FB1727 /* Constants.swift */,
			);
			path = Utilities;
			sourceTree = "<group>";
		};
		7783641F2409BA8500FB1727 /* Networking */ = {
			isa = PBXGroup;
			children = (
				778364242409BD4600FB1727 /* NetworkManager.swift */,
			);
			path = Networking;
			sourceTree = "<group>";
		};
		778364202409BACF00FB1727 /* Extensions */ = {
			isa = PBXGroup;
			children = (
				778364392409C8CD00FB1727 /* UIView+Ext.swift */,
				7783643E2409C9E000FB1727 /* UIViewController+Ext.swift */,
				77945256240A8FD400DC2297 /* String+Ext.swift */,
				77945258240A906100DC2297 /* Date+Ext.swift */,
			);
			path = Extensions;
			sourceTree = "<group>";
		};
		778364212409BADE00FB1727 /* Views */ = {
			isa = PBXGroup;
			children = (
				7794525A240A942E00DC2297 /* Buttons */,
				7783643B2409C98500FB1727 /* ViewControllers */,
				778364322409C72D00FB1727 /* Labels */,
				7783642E2409C63300FB1727 /* Cells */,
				778364312409C65500FB1727 /* Images */,
				7794525D240AA50400DC2297 /* RTTabBarController.swift */,
			);
			path = Views;
			sourceTree = "<group>";
		};
		7783642E2409C63300FB1727 /* Cells */ = {
			isa = PBXGroup;
			children = (
				7783642A2409C56800FB1727 /* TrackCell.swift */,
			);
			path = Cells;
			sourceTree = "<group>";
		};
		778364312409C65500FB1727 /* Images */ = {
			isa = PBXGroup;
			children = (
				7783642F2409C65200FB1727 /* RTImageView.swift */,
				778364462409EB3800FB1727 /* RTBackImageView.swift */,
			);
			path = Images;
			sourceTree = "<group>";
		};
		778364322409C72D00FB1727 /* Labels */ = {
			isa = PBXGroup;
			children = (
				778364332409C73C00FB1727 /* RTTitleLabel.swift */,
				778364352409C77A00FB1727 /* RTSecondaryLabel.swift */,
				778364372409C7A200FB1727 /* RTBodyLabel.swift */,
			);
			path = Labels;
			sourceTree = "<group>";
		};
		7783643B2409C98500FB1727 /* ViewControllers */ = {
			isa = PBXGroup;
			children = (
				7783643C2409C9A300FB1727 /* RTDataLoadingVC.swift */,
			);
			path = ViewControllers;
			sourceTree = "<group>";
		};
		7794525A240A942E00DC2297 /* Buttons */ = {
			isa = PBXGroup;
			children = (
				7794525B240A94D800DC2297 /* RTButton.swift */,
			);
			path = Buttons;
			sourceTree = "<group>";
		};
/* End PBXGroup section */

/* Begin PBXNativeTarget section */
		778364022409B97500FB1727 /* RockTrack */ = {
			isa = PBXNativeTarget;
			buildConfigurationList = 778364172409B97600FB1727 /* Build configuration list for PBXNativeTarget "RockTrack" */;
			buildPhases = (
				778363FF2409B97500FB1727 /* Sources */,
				778364002409B97500FB1727 /* Frameworks */,
				778364012409B97500FB1727 /* Resources */,
			);
			buildRules = (
			);
			dependencies = (
			);
			name = RockTrack;
			productName = RockTrack;
			productReference = 778364032409B97500FB1727 /* RockTrack.app */;
			productType = "com.apple.product-type.application";
		};
/* End PBXNativeTarget section */

/* Begin PBXProject section */
		778363FB2409B97500FB1727 /* Project object */ = {
			isa = PBXProject;
			attributes = {
				LastSwiftUpdateCheck = 1130;
				LastUpgradeCheck = 1130;
				ORGANIZATIONNAME = "German Hernandez";
				TargetAttributes = {
					778364022409B97500FB1727 = {
						CreatedOnToolsVersion = 11.3.1;
					};
				};
			};
			buildConfigurationList = 778363FE2409B97500FB1727 /* Build configuration list for PBXProject "RockTrack" */;
			compatibilityVersion = "Xcode 9.3";
			developmentRegion = en;
			hasScannedForEncodings = 0;
			knownRegions = (
				en,
				Base,
			);
			mainGroup = 778363FA2409B97500FB1727;
			productRefGroup = 778364042409B97500FB1727 /* Products */;
			projectDirPath = "";
			projectRoot = "";
			targets = (
				778364022409B97500FB1727 /* RockTrack */,
			);
		};
/* End PBXProject section */

/* Begin PBXResourcesBuildPhase section */
		778364012409B97500FB1727 /* Resources */ = {
			isa = PBXResourcesBuildPhase;
			buildActionMask = 2147483647;
			files = (
				778364132409B97600FB1727 /* LaunchScreen.storyboard in Resources */,
				778364102409B97600FB1727 /* Assets.xcassets in Resources */,
			);
			runOnlyForDeploymentPostprocessing = 0;
		};
/* End PBXResourcesBuildPhase section */

/* Begin PBXSourcesBuildPhase section */
		778363FF2409B97500FB1727 /* Sources */ = {
			isa = PBXSourcesBuildPhase;
			buildActionMask = 2147483647;
			files = (
				778364382409C7A200FB1727 /* RTBodyLabel.swift in Sources */,
				778364452409E6F200FB1727 /* Constants.swift in Sources */,
				7783643D2409C9A300FB1727 /* RTDataLoadingVC.swift in Sources */,
				7783643F2409C9E000FB1727 /* UIViewController+Ext.swift in Sources */,
				778364432409DC6200FB1727 /* TrackDetailsVC.swift in Sources */,
				77945260240AA59300DC2297 /* FavoriteListVC.swift in Sources */,
				7794525E240AA50400DC2297 /* RTTabBarController.swift in Sources */,
				7783642B2409C56800FB1727 /* TrackCell.swift in Sources */,
				778364302409C65200FB1727 /* RTImageView.swift in Sources */,
				778364272409BE1700FB1727 /* RTError.swift in Sources */,
				778364252409BD4600FB1727 /* NetworkManager.swift in Sources */,
				778364412409D3C900FB1727 /* UIHelper.swift in Sources */,
				778364072409B97500FB1727 /* AppDelegate.swift in Sources */,
				778364342409C73C00FB1727 /* RTTitleLabel.swift in Sources */,
				778364362409C77A00FB1727 /* RTSecondaryLabel.swift in Sources */,
				77945257240A8FD400DC2297 /* String+Ext.swift in Sources */,
				778364232409BB5000FB1727 /* TrackListVC.swift in Sources */,
				7783643A2409C8CD00FB1727 /* UIView+Ext.swift in Sources */,
				778364472409EB3800FB1727 /* RTBackImageView.swift in Sources */,
				778364092409B97500FB1727 /* SceneDelegate.swift in Sources */,
				7794525C240A94D800DC2297 /* RTButton.swift in Sources */,
				778364292409BFDE00FB1727 /* Track.swift in Sources */,
				77945259240A906100DC2297 /* Date+Ext.swift in Sources */,
			);
			runOnlyForDeploymentPostprocessing = 0;
		};
/* End PBXSourcesBuildPhase section */

/* Begin PBXVariantGroup section */
		778364112409B97600FB1727 /* LaunchScreen.storyboard */ = {
			isa = PBXVariantGroup;
			children = (
				778364122409B97600FB1727 /* Base */,
			);
			name = LaunchScreen.storyboard;
			sourceTree = "<group>";
		};
/* End PBXVariantGroup section */

/* Begin XCBuildConfiguration section */
		778364152409B97600FB1727 /* Debug */ = {
			isa = XCBuildConfiguration;
			buildSettings = {
				ALWAYS_SEARCH_USER_PATHS = NO;
				CLANG_ANALYZER_NONNULL = YES;
				CLANG_ANALYZER_NUMBER_OBJECT_CONVERSION = YES_AGGRESSIVE;
				CLANG_CXX_LANGUAGE_STANDARD = "gnu++14";
				CLANG_CXX_LIBRARY = "libc++";
				CLANG_ENABLE_MODULES = YES;
				CLANG_ENABLE_OBJC_ARC = YES;
				CLANG_ENABLE_OBJC_WEAK = YES;
				CLANG_WARN_BLOCK_CAPTURE_AUTORELEASING = YES;
				CLANG_WARN_BOOL_CONVERSION = YES;
				CLANG_WARN_COMMA = YES;
				CLANG_WARN_CONSTANT_CONVERSION = YES;
				CLANG_WARN_DEPRECATED_OBJC_IMPLEMENTATIONS = YES;
				CLANG_WARN_DIRECT_OBJC_ISA_USAGE = YES_ERROR;
				CLANG_WARN_DOCUMENTATION_COMMENTS = YES;
				CLANG_WARN_EMPTY_BODY = YES;
				CLANG_WARN_ENUM_CONVERSION = YES;
				CLANG_WARN_INFINITE_RECURSION = YES;
				CLANG_WARN_INT_CONVERSION = YES;
				CLANG_WARN_NON_LITERAL_NULL_CONVERSION = YES;
				CLANG_WARN_OBJC_IMPLICIT_RETAIN_SELF = YES;
				CLANG_WARN_OBJC_LITERAL_CONVERSION = YES;
				CLANG_WARN_OBJC_ROOT_CLASS = YES_ERROR;
				CLANG_WARN_RANGE_LOOP_ANALYSIS = YES;
				CLANG_WARN_STRICT_PROTOTYPES = YES;
				CLANG_WARN_SUSPICIOUS_MOVE = YES;
				CLANG_WARN_UNGUARDED_AVAILABILITY = YES_AGGRESSIVE;
				CLANG_WARN_UNREACHABLE_CODE = YES;
				CLANG_WARN__DUPLICATE_METHOD_MATCH = YES;
				COPY_PHASE_STRIP = NO;
				DEBUG_INFORMATION_FORMAT = dwarf;
				ENABLE_STRICT_OBJC_MSGSEND = YES;
				ENABLE_TESTABILITY = YES;
				GCC_C_LANGUAGE_STANDARD = gnu11;
				GCC_DYNAMIC_NO_PIC = NO;
				GCC_NO_COMMON_BLOCKS = YES;
				GCC_OPTIMIZATION_LEVEL = 0;
				GCC_PREPROCESSOR_DEFINITIONS = (
					"DEBUG=1",
					"$(inherited)",
				);
				GCC_WARN_64_TO_32_BIT_CONVERSION = YES;
				GCC_WARN_ABOUT_RETURN_TYPE = YES_ERROR;
				GCC_WARN_UNDECLARED_SELECTOR = YES;
				GCC_WARN_UNINITIALIZED_AUTOS = YES_AGGRESSIVE;
				GCC_WARN_UNUSED_FUNCTION = YES;
				GCC_WARN_UNUSED_VARIABLE = YES;
				IPHONEOS_DEPLOYMENT_TARGET = 13.2;
				MTL_ENABLE_DEBUG_INFO = INCLUDE_SOURCE;
				MTL_FAST_MATH = YES;
				ONLY_ACTIVE_ARCH = YES;
				SDKROOT = iphoneos;
				SWIFT_ACTIVE_COMPILATION_CONDITIONS = DEBUG;
				SWIFT_OPTIMIZATION_LEVEL = "-Onone";
			};
			name = Debug;
		};
		778364162409B97600FB1727 /* Release */ = {
			isa = XCBuildConfiguration;
			buildSettings = {
				ALWAYS_SEARCH_USER_PATHS = NO;
				CLANG_ANALYZER_NONNULL = YES;
				CLANG_ANALYZER_NUMBER_OBJECT_CONVERSION = YES_AGGRESSIVE;
				CLANG_CXX_LANGUAGE_STANDARD = "gnu++14";
				CLANG_CXX_LIBRARY = "libc++";
				CLANG_ENABLE_MODULES = YES;
				CLANG_ENABLE_OBJC_ARC = YES;
				CLANG_ENABLE_OBJC_WEAK = YES;
				CLANG_WARN_BLOCK_CAPTURE_AUTORELEASING = YES;
				CLANG_WARN_BOOL_CONVERSION = YES;
				CLANG_WARN_COMMA = YES;
				CLANG_WARN_CONSTANT_CONVERSION = YES;
				CLANG_WARN_DEPRECATED_OBJC_IMPLEMENTATIONS = YES;
				CLANG_WARN_DIRECT_OBJC_ISA_USAGE = YES_ERROR;
				CLANG_WARN_DOCUMENTATION_COMMENTS = YES;
				CLANG_WARN_EMPTY_BODY = YES;
				CLANG_WARN_ENUM_CONVERSION = YES;
				CLANG_WARN_INFINITE_RECURSION = YES;
				CLANG_WARN_INT_CONVERSION = YES;
				CLANG_WARN_NON_LITERAL_NULL_CONVERSION = YES;
				CLANG_WARN_OBJC_IMPLICIT_RETAIN_SELF = YES;
				CLANG_WARN_OBJC_LITERAL_CONVERSION = YES;
				CLANG_WARN_OBJC_ROOT_CLASS = YES_ERROR;
				CLANG_WARN_RANGE_LOOP_ANALYSIS = YES;
				CLANG_WARN_STRICT_PROTOTYPES = YES;
				CLANG_WARN_SUSPICIOUS_MOVE = YES;
				CLANG_WARN_UNGUARDED_AVAILABILITY = YES_AGGRESSIVE;
				CLANG_WARN_UNREACHABLE_CODE = YES;
				CLANG_WARN__DUPLICATE_METHOD_MATCH = YES;
				COPY_PHASE_STRIP = NO;
				DEBUG_INFORMATION_FORMAT = "dwarf-with-dsym";
				ENABLE_NS_ASSERTIONS = NO;
				ENABLE_STRICT_OBJC_MSGSEND = YES;
				GCC_C_LANGUAGE_STANDARD = gnu11;
				GCC_NO_COMMON_BLOCKS = YES;
				GCC_WARN_64_TO_32_BIT_CONVERSION = YES;
				GCC_WARN_ABOUT_RETURN_TYPE = YES_ERROR;
				GCC_WARN_UNDECLARED_SELECTOR = YES;
				GCC_WARN_UNINITIALIZED_AUTOS = YES_AGGRESSIVE;
				GCC_WARN_UNUSED_FUNCTION = YES;
				GCC_WARN_UNUSED_VARIABLE = YES;
				IPHONEOS_DEPLOYMENT_TARGET = 13.2;
				MTL_ENABLE_DEBUG_INFO = NO;
				MTL_FAST_MATH = YES;
				SDKROOT = iphoneos;
				SWIFT_COMPILATION_MODE = wholemodule;
				SWIFT_OPTIMIZATION_LEVEL = "-O";
				VALIDATE_PRODUCT = YES;
			};
			name = Release;
		};
		778364182409B97600FB1727 /* Debug */ = {
			isa = XCBuildConfiguration;
			buildSettings = {
				ASSETCATALOG_COMPILER_APPICON_NAME = AppIcon;
				CODE_SIGN_STYLE = Automatic;
				DEVELOPMENT_TEAM = HXU4QPBL2H;
				INFOPLIST_FILE = RockTrack/Info.plist;
				IPHONEOS_DEPLOYMENT_TARGET = 11.0;
				LD_RUNPATH_SEARCH_PATHS = (
					"$(inherited)",
					"@executable_path/Frameworks",
				);
				PRODUCT_BUNDLE_IDENTIFIER = com.germanhernandez.RockTrack;
				PRODUCT_NAME = "$(TARGET_NAME)";
				SWIFT_VERSION = 5.0;
				TARGETED_DEVICE_FAMILY = "1,2";
			};
			name = Debug;
		};
		778364192409B97600FB1727 /* Release */ = {
			isa = XCBuildConfiguration;
			buildSettings = {
				ASSETCATALOG_COMPILER_APPICON_NAME = AppIcon;
				CODE_SIGN_STYLE = Automatic;
				DEVELOPMENT_TEAM = HXU4QPBL2H;
				INFOPLIST_FILE = RockTrack/Info.plist;
				IPHONEOS_DEPLOYMENT_TARGET = 11.0;
				LD_RUNPATH_SEARCH_PATHS = (
					"$(inherited)",
					"@executable_path/Frameworks",
				);
				PRODUCT_BUNDLE_IDENTIFIER = com.germanhernandez.RockTrack;
				PRODUCT_NAME = "$(TARGET_NAME)";
				SWIFT_VERSION = 5.0;
				TARGETED_DEVICE_FAMILY = "1,2";
			};
			name = Release;
		};
/* End XCBuildConfiguration section */

/* Begin XCConfigurationList section */
		778363FE2409B97500FB1727 /* Build configuration list for PBXProject "RockTrack" */ = {
			isa = XCConfigurationList;
			buildConfigurations = (
				778364152409B97600FB1727 /* Debug */,
				778364162409B97600FB1727 /* Release */,
			);
			defaultConfigurationIsVisible = 0;
			defaultConfigurationName = Release;
		};
		778364172409B97600FB1727 /* Build configuration list for PBXNativeTarget "RockTrack" */ = {
			isa = XCConfigurationList;
			buildConfigurations = (
				778364182409B97600FB1727 /* Debug */,
				778364192409B97600FB1727 /* Release */,
			);
			defaultConfigurationIsVisible = 0;
			defaultConfigurationName = Release;
		};
/* End XCConfigurationList section */
	};
	rootObject = 778363FB2409B97500FB1727 /* Project object */;
}
